
Microsoft Visual Studio Solution File, Format Version 12.00
Project("{2150E333-8FDC-42A3-9474-1A3956D46DE8}") = "FrontEnd", "FrontEnd", "{0E5F2A9C-EADE-45AB-A884-2A675791ED94}"
EndProject
Project("{2150E333-8FDC-42A3-9474-1A3956D46DE8}") = "BackEnd", "BackEnd", "{8DBF6A9F-5CD5-4053-ABD7-07BB8374B2D6}"
EndProject
Project("{2150E333-8FDC-42A3-9474-1A3956D46DE8}") = "Common", "Common", "{1CA05776-B766-4501-B41E-6D3E8E90033F}"
EndProject
Project("{FAE04EC0-301F-11D3-BF4B-00C04F79EFBC}") = "BSG.Api", "BSG.Api\BSG.Api.csproj", "{31C5DAF1-62BD-408F-BFCE-56B66501B4EE}"
EndProject
Project("{FAE04EC0-301F-11D3-BF4B-00C04F79EFBC}") = "BSG.App", "BSG.App\BSG.App.csproj", "{4003F68A-7CAA-46C5-A0C1-B1F7A65546E2}"
EndProject
Project("{FAE04EC0-301F-11D3-BF4B-00C04F79EFBC}") = "BSG.Entities", "BSG.Entities\BSG.Entities.csproj", "{2E715679-2CC4-4585-BEE8-C77DC97DC929}"
EndProject
Project("{FAE04EC0-301F-11D3-BF4B-00C04F79EFBC}") = "BSG.Database", "BSG.Database\BSG.Database.csproj", "{DAAD3FFD-DD03-40E7-9F9E-9491A46E5C48}"
EndProject
Project("{FAE04EC0-301F-11D3-BF4B-00C04F79EFBC}") = "BSG.BackEnd.Services", "BSG.BackEnd.Services\BSG.BackEnd.Services.csproj", "{D27CC3D2-590F-47AB-B238-07E5CB9DFE7D}"
EndProject
Project("{FAE04EC0-301F-11D3-BF4B-00C04F79EFBC}") = "BSG.Common", "BSG.Common\BSG.Common.csproj", "{D56443B7-3618-4DF4-9845-845B594740C0}"
EndProject
Project("{FAE04EC0-301F-11D3-BF4B-00C04F79EFBC}") = "BSG.Repository", "BSG.Repository\BSG.Repository.csproj", "{5B127DF9-4422-41B4-B442-B6B13216B856}"
EndProject
Project("{FAE04EC0-301F-11D3-BF4B-00C04F79EFBC}") = "BSG.Features", "BSG.Features\BSG.Features.csproj", "{06AC0DA9-21E7-47EC-800E-40F4336F9248}"
EndProject
Project("{FAE04EC0-301F-11D3-BF4B-00C04F79EFBC}") = "BSG.BackEnd.Common", "BSG.BackEnd.Common\BSG.BackEnd.Common.csproj", "{7207F606-1BED-4577-BA1B-C1DF03C34DC7}"
EndProject
Project("{FAE04EC0-301F-11D3-BF4B-00C04F79EFBC}") = "BSG.DataServices", "BSG.DataServices\BSG.DataServices.csproj", "{B7190A8B-4833-4B77-AFA7-34995EA1AB09}"
EndProject
Project("{FAE04EC0-301F-11D3-BF4B-00C04F79EFBC}") = "BSG.States", "BSG.States\BSG.States.csproj", "{1DA8CE7A-F3C5-4471-AADD-CAE82A7F2C7A}"
EndProject
Project("{FAE04EC0-301F-11D3-BF4B-00C04F79EFBC}") = "BSG.App.Common", "BSG.App.Common\BSG.App.Common.csproj", "{6138D0AC-7E0F-4A57-9A2D-AB1F1ACABF84}"
EndProject
Project("{FAE04EC0-301F-11D3-BF4B-00C04F79EFBC}") = "BSG.App.User", "BSG.App.User\BSG.App.User.csproj", "{E8BF28AA-C639-4CDA-B21E-55DAE280E696}"
EndProject
Global
	GlobalSection(SolutionConfigurationPlatforms) = preSolution
		Debug|Any CPU = Debug|Any CPU
		Release|Any CPU = Release|Any CPU
	EndGlobalSection
	GlobalSection(NestedProjects) = preSolution
		{31C5DAF1-62BD-408F-BFCE-56B66501B4EE} = {8DBF6A9F-5CD5-4053-ABD7-07BB8374B2D6}
		{4003F68A-7CAA-46C5-A0C1-B1F7A65546E2} = {0E5F2A9C-EADE-45AB-A884-2A675791ED94}
		{2E715679-2CC4-4585-BEE8-C77DC97DC929} = {8DBF6A9F-5CD5-4053-ABD7-07BB8374B2D6}
		{DAAD3FFD-DD03-40E7-9F9E-9491A46E5C48} = {8DBF6A9F-5CD5-4053-ABD7-07BB8374B2D6}
		{D27CC3D2-590F-47AB-B238-07E5CB9DFE7D} = {8DBF6A9F-5CD5-4053-ABD7-07BB8374B2D6}
		{D56443B7-3618-4DF4-9845-845B594740C0} = {1CA05776-B766-4501-B41E-6D3E8E90033F}
		{5B127DF9-4422-41B4-B442-B6B13216B856} = {8DBF6A9F-5CD5-4053-ABD7-07BB8374B2D6}
		{06AC0DA9-21E7-47EC-800E-40F4336F9248} = {8DBF6A9F-5CD5-4053-ABD7-07BB8374B2D6}
		{7207F606-1BED-4577-BA1B-C1DF03C34DC7} = {8DBF6A9F-5CD5-4053-ABD7-07BB8374B2D6}
		{B7190A8B-4833-4B77-AFA7-34995EA1AB09} = {0E5F2A9C-EADE-45AB-A884-2A675791ED94}
		{1DA8CE7A-F3C5-4471-AADD-CAE82A7F2C7A} = {0E5F2A9C-EADE-45AB-A884-2A675791ED94}
		{6138D0AC-7E0F-4A57-9A2D-AB1F1ACABF84} = {0E5F2A9C-EADE-45AB-A884-2A675791ED94}
		{E8BF28AA-C639-4CDA-B21E-55DAE280E696} = {0E5F2A9C-EADE-45AB-A884-2A675791ED94}
	EndGlobalSection
	GlobalSection(ProjectConfigurationPlatforms) = postSolution
		{31C5DAF1-62BD-408F-BFCE-56B66501B4EE}.Debug|Any CPU.ActiveCfg = Debug|Any CPU
		{31C5DAF1-62BD-408F-BFCE-56B66501B4EE}.Debug|Any CPU.Build.0 = Debug|Any CPU
		{31C5DAF1-62BD-408F-BFCE-56B66501B4EE}.Release|Any CPU.ActiveCfg = Release|Any CPU
		{31C5DAF1-62BD-408F-BFCE-56B66501B4EE}.Release|Any CPU.Build.0 = Release|Any CPU
		{4003F68A-7CAA-46C5-A0C1-B1F7A65546E2}.Debug|Any CPU.ActiveCfg = Debug|Any CPU
		{4003F68A-7CAA-46C5-A0C1-B1F7A65546E2}.Debug|Any CPU.Build.0 = Debug|Any CPU
		{4003F68A-7CAA-46C5-A0C1-B1F7A65546E2}.Release|Any CPU.ActiveCfg = Release|Any CPU
		{4003F68A-7CAA-46C5-A0C1-B1F7A65546E2}.Release|Any CPU.Build.0 = Release|Any CPU
		{2E715679-2CC4-4585-BEE8-C77DC97DC929}.Debug|Any CPU.ActiveCfg = Debug|Any CPU
		{2E715679-2CC4-4585-BEE8-C77DC97DC929}.Debug|Any CPU.Build.0 = Debug|Any CPU
		{2E715679-2CC4-4585-BEE8-C77DC97DC929}.Release|Any CPU.ActiveCfg = Release|Any CPU
		{2E715679-2CC4-4585-BEE8-C77DC97DC929}.Release|Any CPU.Build.0 = Release|Any CPU
		{DAAD3FFD-DD03-40E7-9F9E-9491A46E5C48}.Debug|Any CPU.ActiveCfg = Debug|Any CPU
		{DAAD3FFD-DD03-40E7-9F9E-9491A46E5C48}.Debug|Any CPU.Build.0 = Debug|Any CPU
		{DAAD3FFD-DD03-40E7-9F9E-9491A46E5C48}.Release|Any CPU.ActiveCfg = Release|Any CPU
		{DAAD3FFD-DD03-40E7-9F9E-9491A46E5C48}.Release|Any CPU.Build.0 = Release|Any CPU
		{D27CC3D2-590F-47AB-B238-07E5CB9DFE7D}.Debug|Any CPU.ActiveCfg = Debug|Any CPU
		{D27CC3D2-590F-47AB-B238-07E5CB9DFE7D}.Debug|Any CPU.Build.0 = Debug|Any CPU
		{D27CC3D2-590F-47AB-B238-07E5CB9DFE7D}.Release|Any CPU.ActiveCfg = Release|Any CPU
		{D27CC3D2-590F-47AB-B238-07E5CB9DFE7D}.Release|Any CPU.Build.0 = Release|Any CPU
		{D56443B7-3618-4DF4-9845-845B594740C0}.Debug|Any CPU.ActiveCfg = Debug|Any CPU
		{D56443B7-3618-4DF4-9845-845B594740C0}.Debug|Any CPU.Build.0 = Debug|Any CPU
		{D56443B7-3618-4DF4-9845-845B594740C0}.Release|Any CPU.ActiveCfg = Release|Any CPU
		{D56443B7-3618-4DF4-9845-845B594740C0}.Release|Any CPU.Build.0 = Release|Any CPU
		{5B127DF9-4422-41B4-B442-B6B13216B856}.Debug|Any CPU.ActiveCfg = Debug|Any CPU
		{5B127DF9-4422-41B4-B442-B6B13216B856}.Debug|Any CPU.Build.0 = Debug|Any CPU
		{5B127DF9-4422-41B4-B442-B6B13216B856}.Release|Any CPU.ActiveCfg = Release|Any CPU
		{5B127DF9-4422-41B4-B442-B6B13216B856}.Release|Any CPU.Build.0 = Release|Any CPU
		{06AC0DA9-21E7-47EC-800E-40F4336F9248}.Debug|Any CPU.ActiveCfg = Debug|Any CPU
		{06AC0DA9-21E7-47EC-800E-40F4336F9248}.Debug|Any CPU.Build.0 = Debug|Any CPU
		{06AC0DA9-21E7-47EC-800E-40F4336F9248}.Release|Any CPU.ActiveCfg = Release|Any CPU
		{06AC0DA9-21E7-47EC-800E-40F4336F9248}.Release|Any CPU.Build.0 = Release|Any CPU
		{7207F606-1BED-4577-BA1B-C1DF03C34DC7}.Debug|Any CPU.ActiveCfg = Debug|Any CPU
		{7207F606-1BED-4577-BA1B-C1DF03C34DC7}.Debug|Any CPU.Build.0 = Debug|Any CPU
		{7207F606-1BED-4577-BA1B-C1DF03C34DC7}.Release|Any CPU.ActiveCfg = Release|Any CPU
		{7207F606-1BED-4577-BA1B-C1DF03C34DC7}.Release|Any CPU.Build.0 = Release|Any CPU
		{B7190A8B-4833-4B77-AFA7-34995EA1AB09}.Debug|Any CPU.ActiveCfg = Debug|Any CPU
		{B7190A8B-4833-4B77-AFA7-34995EA1AB09}.Debug|Any CPU.Build.0 = Debug|Any CPU
		{B7190A8B-4833-4B77-AFA7-34995EA1AB09}.Release|Any CPU.ActiveCfg = Release|Any CPU
		{B7190A8B-4833-4B77-AFA7-34995EA1AB09}.Release|Any CPU.Build.0 = Release|Any CPU
		{1DA8CE7A-F3C5-4471-AADD-CAE82A7F2C7A}.Debug|Any CPU.ActiveCfg = Debug|Any CPU
		{1DA8CE7A-F3C5-4471-AADD-CAE82A7F2C7A}.Debug|Any CPU.Build.0 = Debug|Any CPU
		{1DA8CE7A-F3C5-4471-AADD-CAE82A7F2C7A}.Release|Any CPU.ActiveCfg = Release|Any CPU
		{1DA8CE7A-F3C5-4471-AADD-CAE82A7F2C7A}.Release|Any CPU.Build.0 = Release|Any CPU
		{6138D0AC-7E0F-4A57-9A2D-AB1F1ACABF84}.Debug|Any CPU.ActiveCfg = Debug|Any CPU
		{6138D0AC-7E0F-4A57-9A2D-AB1F1ACABF84}.Debug|Any CPU.Build.0 = Debug|Any CPU
		{6138D0AC-7E0F-4A57-9A2D-AB1F1ACABF84}.Release|Any CPU.ActiveCfg = Release|Any CPU
		{6138D0AC-7E0F-4A57-9A2D-AB1F1ACABF84}.Release|Any CPU.Build.0 = Release|Any CPU
		{E8BF28AA-C639-4CDA-B21E-55DAE280E696}.Debug|Any CPU.ActiveCfg = Debug|Any CPU
		{E8BF28AA-C639-4CDA-B21E-55DAE280E696}.Debug|Any CPU.Build.0 = Debug|Any CPU
		{E8BF28AA-C639-4CDA-B21E-55DAE280E696}.Release|Any CPU.ActiveCfg = Release|Any CPU
		{E8BF28AA-C639-4CDA-B21E-55DAE280E696}.Release|Any CPU.Build.0 = Release|Any CPU
	EndGlobalSection
EndGlobal
